Microsoft Visual Studio Solution File, Format Version 12.00
# Visual Studio 2012
Project("{FAE04EC0-301F-11D3-BF4B-00C04F79EFBC}") = "Tower Defense", "Tower Defense.csproj", "{424B311F-AC7D-4D77-BCFA-8F6A196AAC83}"
EndProject
Global
	GlobalSection(SolutionConfigurationPlatforms) = preSolution
	Debug|Any CPU = Debug|Any CPU
	Release|Any CPU = Release|Any CPU
	Tools|Any CPU = Tools|Any CPU
	EndGlobalSection
	GlobalSection(ProjectConfigurationPlatforms) = postSolution
		{424B311F-AC7D-4D77-BCFA-8F6A196AAC83}.Debug|Any CPU.ActiveCfg = Debug|Any CPU
		{424B311F-AC7D-4D77-BCFA-8F6A196AAC83}.Debug|Any CPU.Build.0 = Debug|Any CPU
		{424B311F-AC7D-4D77-BCFA-8F6A196AAC83}.Release|Any CPU.ActiveCfg = Release|Any CPU
		{424B311F-AC7D-4D77-BCFA-8F6A196AAC83}.Release|Any CPU.Build.0 = Release|Any CPU
		{424B311F-AC7D-4D77-BCFA-8F6A196AAC83}.Tools|Any CPU.ActiveCfg = Tools|Any CPU
		{424B311F-AC7D-4D77-BCFA-8F6A196AAC83}.Tools|Any CPU.Build.0 = Tools|Any CPU
	EndGlobalSection
EndGlobal
