Microsoft Visual Studio Solution File, Format Version 12.00
# Visual Studio 2012
Project("{FAE04EC0-301F-11D3-BF4B-00C04F79EFBC}") = "Yielder", "Yielder.csproj", "{8DB563EB-BE8C-48E7-B2D1-F2972D2796FA}"
EndProject
Global
	GlobalSection(SolutionConfigurationPlatforms) = preSolution
	Debug|Any CPU = Debug|Any CPU
	Release|Any CPU = Release|Any CPU
	Tools|Any CPU = Tools|Any CPU
	EndGlobalSection
	GlobalSection(ProjectConfigurationPlatforms) = postSolution
		{8DB563EB-BE8C-48E7-B2D1-F2972D2796FA}.Debug|Any CPU.ActiveCfg = Debug|Any CPU
		{8DB563EB-BE8C-48E7-B2D1-F2972D2796FA}.Debug|Any CPU.Build.0 = Debug|Any CPU
		{8DB563EB-BE8C-48E7-B2D1-F2972D2796FA}.Release|Any CPU.ActiveCfg = Release|Any CPU
		{8DB563EB-BE8C-48E7-B2D1-F2972D2796FA}.Release|Any CPU.Build.0 = Release|Any CPU
		{8DB563EB-BE8C-48E7-B2D1-F2972D2796FA}.Tools|Any CPU.ActiveCfg = Tools|Any CPU
		{8DB563EB-BE8C-48E7-B2D1-F2972D2796FA}.Tools|Any CPU.Build.0 = Tools|Any CPU
	EndGlobalSection
EndGlobal
