Microsoft Visual Studio Solution File, Format Version 12.00
# Visual Studio 2012
Project("{FAE04EC0-301F-11D3-BF4B-00C04F79EFBC}") = "Dungeons and Dragons 5E", "Dungeons and Dragons 5E.csproj", "{36C5C7C8-4C1D-48FF-ADBB-054954EB7BE2}"
EndProject
Global
	GlobalSection(SolutionConfigurationPlatforms) = preSolution
	Debug|Any CPU = Debug|Any CPU
	Release|Any CPU = Release|Any CPU
	Tools|Any CPU = Tools|Any CPU
	EndGlobalSection
	GlobalSection(ProjectConfigurationPlatforms) = postSolution
		{36C5C7C8-4C1D-48FF-ADBB-054954EB7BE2}.Debug|Any CPU.ActiveCfg = Debug|Any CPU
		{36C5C7C8-4C1D-48FF-ADBB-054954EB7BE2}.Debug|Any CPU.Build.0 = Debug|Any CPU
		{36C5C7C8-4C1D-48FF-ADBB-054954EB7BE2}.Release|Any CPU.ActiveCfg = Release|Any CPU
		{36C5C7C8-4C1D-48FF-ADBB-054954EB7BE2}.Release|Any CPU.Build.0 = Release|Any CPU
		{36C5C7C8-4C1D-48FF-ADBB-054954EB7BE2}.Tools|Any CPU.ActiveCfg = Tools|Any CPU
		{36C5C7C8-4C1D-48FF-ADBB-054954EB7BE2}.Tools|Any CPU.Build.0 = Tools|Any CPU
	EndGlobalSection
EndGlobal
